
Microsoft Visual Studio Solution File, Format Version 10.00
# Visual Studio 2008
Project("{FAE04EC0-301F-11D3-BF4B-00C04F79EFBC}") = "VolvoMot43", "MotronicSuite\VolvoMot43.csproj", "{0D9042F3-8C10-4567-810D-91A72EA60705}"
	ProjectSection(ProjectDependencies) = postProject
		{A53A3F2C-5553-405D-BAF0-DE5C779D3E7B} = {A53A3F2C-5553-405D-BAF0-DE5C779D3E7B}
		{FFB5F5BC-D457-495B-B1B2-7722DF0BF59D} = {FFB5F5BC-D457-495B-B1B2-7722DF0BF59D}
		{B4218BC9-9736-42B9-BC99-7903FDBEBA28} = {B4218BC9-9736-42B9-BC99-7903FDBEBA28}
	EndProjectSection
EndProject
Project("{FAE04EC0-301F-11D3-BF4B-00C04F79EFBC}") = "AquaGauge", "AquaGauge\AquaGauge.csproj", "{0E5542E0-FC5D-4F67-950D-9F28C5D1225A}"
EndProject
Project("{FAE04EC0-301F-11D3-BF4B-00C04F79EFBC}") = "LBIndustrialCtrls", "LBIndustrialCtrls\LBIndustrialCtrls.csproj", "{B4218BC9-9736-42B9-BC99-7903FDBEBA28}"
EndProject
Project("{FAE04EC0-301F-11D3-BF4B-00C04F79EFBC}") = "ProGauges", "ProGauges\ProGauges.csproj", "{A53A3F2C-5553-405D-BAF0-DE5C779D3E7B}"
EndProject
Project("{FAE04EC0-301F-11D3-BF4B-00C04F79EFBC}") = "RealtimeGraph", "RealtimeGraph\RealtimeGraph.csproj", "{FFB5F5BC-D457-495B-B1B2-7722DF0BF59D}"
EndProject
Project("{FAE04EC0-301F-11D3-BF4B-00C04F79EFBC}") = "MotronicCommunication", "MotronicCommunication\MotronicCommunication.csproj", "{F6CFB52C-BD21-4B9C-AFED-850294C83A99}"
EndProject
Project("{FAE04EC0-301F-11D3-BF4B-00C04F79EFBC}") = "MotronicTools", "MotronicTools\MotronicTools.csproj", "{0CD373AD-187B-4734-A46F-F85DA064643F}"
EndProject
Project("{54435603-DBB4-11D2-8724-00A0C9A8B90C}") = "SetupSuite", "SetupSuite\SetupSuite.vdproj", "{B7238398-C8D9-4356-B381-6F0D789AEEF1}"
EndProject
Global
	GlobalSection(SolutionConfigurationPlatforms) = preSolution
		Debug|Any CPU = Debug|Any CPU
		Debug|x86 = Debug|x86
		Release|Any CPU = Release|Any CPU
		Release|x86 = Release|x86
	EndGlobalSection
	GlobalSection(ProjectConfigurationPlatforms) = postSolution
		{0D9042F3-8C10-4567-810D-91A72EA60705}.Debug|Any CPU.ActiveCfg = Debug|Any CPU
		{0D9042F3-8C10-4567-810D-91A72EA60705}.Debug|Any CPU.Build.0 = Debug|Any CPU
		{0D9042F3-8C10-4567-810D-91A72EA60705}.Debug|x86.ActiveCfg = Debug|Any CPU
		{0D9042F3-8C10-4567-810D-91A72EA60705}.Release|Any CPU.ActiveCfg = Release|Any CPU
		{0D9042F3-8C10-4567-810D-91A72EA60705}.Release|Any CPU.Build.0 = Release|Any CPU
		{0D9042F3-8C10-4567-810D-91A72EA60705}.Release|x86.ActiveCfg = Release|Any CPU
		{0E5542E0-FC5D-4F67-950D-9F28C5D1225A}.Debug|Any CPU.ActiveCfg = Debug|Any CPU
		{0E5542E0-FC5D-4F67-950D-9F28C5D1225A}.Debug|Any CPU.Build.0 = Debug|Any CPU
		{0E5542E0-FC5D-4F67-950D-9F28C5D1225A}.Debug|x86.ActiveCfg = Debug|x86
		{0E5542E0-FC5D-4F67-950D-9F28C5D1225A}.Debug|x86.Build.0 = Debug|x86
		{0E5542E0-FC5D-4F67-950D-9F28C5D1225A}.Release|Any CPU.ActiveCfg = Release|Any CPU
		{0E5542E0-FC5D-4F67-950D-9F28C5D1225A}.Release|Any CPU.Build.0 = Release|Any CPU
		{0E5542E0-FC5D-4F67-950D-9F28C5D1225A}.Release|x86.ActiveCfg = Release|x86
		{0E5542E0-FC5D-4F67-950D-9F28C5D1225A}.Release|x86.Build.0 = Release|x86
		{B4218BC9-9736-42B9-BC99-7903FDBEBA28}.Debug|Any CPU.ActiveCfg = Debug|Any CPU
		{B4218BC9-9736-42B9-BC99-7903FDBEBA28}.Debug|Any CPU.Build.0 = Debug|Any CPU
		{B4218BC9-9736-42B9-BC99-7903FDBEBA28}.Debug|x86.ActiveCfg = Debug|x86
		{B4218BC9-9736-42B9-BC99-7903FDBEBA28}.Debug|x86.Build.0 = Debug|x86
		{B4218BC9-9736-42B9-BC99-7903FDBEBA28}.Release|Any CPU.ActiveCfg = Release|Any CPU
		{B4218BC9-9736-42B9-BC99-7903FDBEBA28}.Release|Any CPU.Build.0 = Release|Any CPU
		{B4218BC9-9736-42B9-BC99-7903FDBEBA28}.Release|x86.ActiveCfg = Release|x86
		{B4218BC9-9736-42B9-BC99-7903FDBEBA28}.Release|x86.Build.0 = Release|x86
		{A53A3F2C-5553-405D-BAF0-DE5C779D3E7B}.Debug|Any CPU.ActiveCfg = Debug|Any CPU
		{A53A3F2C-5553-405D-BAF0-DE5C779D3E7B}.Debug|Any CPU.Build.0 = Debug|Any CPU
		{A53A3F2C-5553-405D-BAF0-DE5C779D3E7B}.Debug|x86.ActiveCfg = Debug|x86
		{A53A3F2C-5553-405D-BAF0-DE5C779D3E7B}.Debug|x86.Build.0 = Debug|x86
		{A53A3F2C-5553-405D-BAF0-DE5C779D3E7B}.Release|Any CPU.ActiveCfg = Release|Any CPU
		{A53A3F2C-5553-405D-BAF0-DE5C779D3E7B}.Release|Any CPU.Build.0 = Release|Any CPU
		{A53A3F2C-5553-405D-BAF0-DE5C779D3E7B}.Release|x86.ActiveCfg = Release|x86
		{A53A3F2C-5553-405D-BAF0-DE5C779D3E7B}.Release|x86.Build.0 = Release|x86
		{FFB5F5BC-D457-495B-B1B2-7722DF0BF59D}.Debug|Any CPU.ActiveCfg = Debug|Any CPU
		{FFB5F5BC-D457-495B-B1B2-7722DF0BF59D}.Debug|Any CPU.Build.0 = Debug|Any CPU
		{FFB5F5BC-D457-495B-B1B2-7722DF0BF59D}.Debug|x86.ActiveCfg = Debug|x86
		{FFB5F5BC-D457-495B-B1B2-7722DF0BF59D}.Debug|x86.Build.0 = Debug|x86
		{FFB5F5BC-D457-495B-B1B2-7722DF0BF59D}.Release|Any CPU.ActiveCfg = Release|Any CPU
		{FFB5F5BC-D457-495B-B1B2-7722DF0BF59D}.Release|Any CPU.Build.0 = Release|Any CPU
		{FFB5F5BC-D457-495B-B1B2-7722DF0BF59D}.Release|x86.ActiveCfg = Release|x86
		{FFB5F5BC-D457-495B-B1B2-7722DF0BF59D}.Release|x86.Build.0 = Release|x86
		{F6CFB52C-BD21-4B9C-AFED-850294C83A99}.Debug|Any CPU.ActiveCfg = Debug|Any CPU
		{F6CFB52C-BD21-4B9C-AFED-850294C83A99}.Debug|Any CPU.Build.0 = Debug|Any CPU
		{F6CFB52C-BD21-4B9C-AFED-850294C83A99}.Debug|x86.ActiveCfg = Debug|Any CPU
		{F6CFB52C-BD21-4B9C-AFED-850294C83A99}.Release|Any CPU.ActiveCfg = Release|Any CPU
		{F6CFB52C-BD21-4B9C-AFED-850294C83A99}.Release|Any CPU.Build.0 = Release|Any CPU
		{F6CFB52C-BD21-4B9C-AFED-850294C83A99}.Release|x86.ActiveCfg = Release|Any CPU
		{F6CFB52C-BD21-4B9C-AFED-850294C83A99}.Release|x86.Build.0 = Release|Any CPU
		{0CD373AD-187B-4734-A46F-F85DA064643F}.Debug|Any CPU.ActiveCfg = Debug|Any CPU
		{0CD373AD-187B-4734-A46F-F85DA064643F}.Debug|Any CPU.Build.0 = Debug|Any CPU
		{0CD373AD-187B-4734-A46F-F85DA064643F}.Debug|x86.ActiveCfg = Debug|Any CPU
		{0CD373AD-187B-4734-A46F-F85DA064643F}.Release|Any CPU.ActiveCfg = Release|Any CPU
		{0CD373AD-187B-4734-A46F-F85DA064643F}.Release|Any CPU.Build.0 = Release|Any CPU
		{0CD373AD-187B-4734-A46F-F85DA064643F}.Release|x86.ActiveCfg = Release|Any CPU
		{0CD373AD-187B-4734-A46F-F85DA064643F}.Release|x86.Build.0 = Release|Any CPU
		{B7238398-C8D9-4356-B381-6F0D789AEEF1}.Debug|Any CPU.ActiveCfg = Debug
		{B7238398-C8D9-4356-B381-6F0D789AEEF1}.Debug|x86.ActiveCfg = Debug
		{B7238398-C8D9-4356-B381-6F0D789AEEF1}.Release|Any CPU.ActiveCfg = Release
		{B7238398-C8D9-4356-B381-6F0D789AEEF1}.Release|x86.ActiveCfg = Release
	EndGlobalSection
	GlobalSection(SolutionProperties) = preSolution
		HideSolutionNode = FALSE
	EndGlobalSection
EndGlobal
